// !$*UTF8*$!
{
	archiveVersion = 1;
	classes = {
	};
	objectVersion = 48;
	objects = {

/* Begin PBXBuildFile section */
		15507C192048DD070062789F /* AppDelegate.swift in Sources */ = {isa = PBXBuildFile; fileRef = 15507C182048DD070062789F /* AppDelegate.swift */; };
		15507C1B2048DD070062789F /* TodoListViewController.swift in Sources */ = {isa = PBXBuildFile; fileRef = 15507C1A2048DD070062789F /* TodoListViewController.swift */; };
		15507C1E2048DD070062789F /* Main.storyboard in Resources */ = {isa = PBXBuildFile; fileRef = 15507C1C2048DD070062789F /* Main.storyboard */; };
		15507C202048DD070062789F /* Assets.xcassets in Resources */ = {isa = PBXBuildFile; fileRef = 15507C1F2048DD070062789F /* Assets.xcassets */; };
		15507C232048DD070062789F /* LaunchScreen.storyboard in Resources */ = {isa = PBXBuildFile; fileRef = 15507C212048DD070062789F /* LaunchScreen.storyboard */; };
		15507C2B20501C310062789F /* Item.swift in Sources */ = {isa = PBXBuildFile; fileRef = 15507C2A20501C310062789F /* Item.swift */; };
/* End PBXBuildFile section */

/* Begin PBXFileReference section */
		15507C152048DD070062789F /* HOBO HUSTLE.app */ = {isa = PBXFileReference; explicitFileType = wrapper.application; includeInIndex = 0; path = "HOBO HUSTLE.app"; sourceTree = BUILT_PRODUCTS_DIR; };
		15507C182048DD070062789F /* AppDelegate.swift */ = {isa = PBXFileReference; lastKnownFileType = sourcecode.swift; path = AppDelegate.swift; sourceTree = "<group>"; };
		15507C1A2048DD070062789F /* TodoListViewController.swift */ = {isa = PBXFileReference; lastKnownFileType = sourcecode.swift; path = TodoListViewController.swift; sourceTree = "<group>"; };
		15507C1D2048DD070062789F /* Base */ = {isa = PBXFileReference; lastKnownFileType = file.storyboard; name = Base; path = Base.lproj/Main.storyboard; sourceTree = "<group>"; };
		15507C1F2048DD070062789F /* Assets.xcassets */ = {isa = PBXFileReference; lastKnownFileType = folder.assetcatalog; path = Assets.xcassets; sourceTree = "<group>"; };
		15507C222048DD070062789F /* Base */ = {isa = PBXFileReference; lastKnownFileType = file.storyboard; name = Base; path = Base.lproj/LaunchScreen.storyboard; sourceTree = "<group>"; };
		15507C242048DD070062789F /* Info.plist */ = {isa = PBXFileReference; lastKnownFileType = text.plist.xml; path = Info.plist; sourceTree = "<group>"; };
		15507C2A20501C310062789F /* Item.swift */ = {isa = PBXFileReference; lastKnownFileType = sourcecode.swift; path = Item.swift; sourceTree = "<group>"; };
/* End PBXFileReference section */

/* Begin PBXFrameworksBuildPhase section */
		15507C122048DD070062789F /* Frameworks */ = {
			isa = PBXFrameworksBuildPhase;
			buildActionMask = 2147483647;
			files = (
			);
			runOnlyForDeploymentPostprocessing = 0;
		};
/* End PBXFrameworksBuildPhase section */

/* Begin PBXGroup section */
		15507C0C2048DD070062789F = {
			isa = PBXGroup;
			children = (
				15507C172048DD070062789F /* HOBO HUSTLE */,
				15507C162048DD070062789F /* Products */,
			);
			sourceTree = "<group>";
		};
		15507C162048DD070062789F /* Products */ = {
			isa = PBXGroup;
			children = (
				15507C152048DD070062789F /* HOBO HUSTLE.app */,
			);
			name = Products;
			sourceTree = "<group>";
		};
		15507C172048DD070062789F /* HOBO HUSTLE */ = {
			isa = PBXGroup;
			children = (
				15507C182048DD070062789F /* AppDelegate.swift */,
				15507C2C20501C4B0062789F /* Data Model */,
				15507C2D20501C720062789F /* Controllers */,
				15507C2E20501C8D0062789F /* Views */,
				15507C2F20501C9D0062789F /* Supporting Files */,
				15507C242048DD070062789F /* Info.plist */,
			);
			path = "HOBO HUSTLE";
			sourceTree = "<group>";
		};
		15507C2C20501C4B0062789F /* Data Model */ = {
			isa = PBXGroup;
			children = (
				15507C2A20501C310062789F /* Item.swift */,
			);
			path = "Data Model";
			sourceTree = "<group>";
		};
		15507C2D20501C720062789F /* Controllers */ = {
			isa = PBXGroup;
			children = (
				15507C1A2048DD070062789F /* TodoListViewController.swift */,
			);
			path = Controllers;
			sourceTree = "<group>";
		};
		15507C2E20501C8D0062789F /* Views */ = {
			isa = PBXGroup;
			children = (
				15507C1C2048DD070062789F /* Main.storyboard */,
			);
			path = Views;
			sourceTree = "<group>";
		};
		15507C2F20501C9D0062789F /* Supporting Files */ = {
			isa = PBXGroup;
			children = (
				15507C1F2048DD070062789F /* Assets.xcassets */,
				15507C212048DD070062789F /* LaunchScreen.storyboard */,
			);
			path = "Supporting Files";
			sourceTree = "<group>";
		};
/* End PBXGroup section */

/* Begin PBXNativeTarget section */
		15507C142048DD070062789F /* HOBO HUSTLE */ = {
			isa = PBXNativeTarget;
			buildConfigurationList = 15507C272048DD070062789F /* Build configuration list for PBXNativeTarget "HOBO HUSTLE" */;
			buildPhases = (
				15507C112048DD070062789F /* Sources */,
				15507C122048DD070062789F /* Frameworks */,
				15507C132048DD070062789F /* Resources */,
			);
			buildRules = (
			);
			dependencies = (
			);
			name = "HOBO HUSTLE";
			productName = "HOBO HUSTLE";
			productReference = 15507C152048DD070062789F /* HOBO HUSTLE.app */;
			productType = "com.apple.product-type.application";
		};
/* End PBXNativeTarget section */

/* Begin PBXProject section */
		15507C0D2048DD070062789F /* Project object */ = {
			isa = PBXProject;
			attributes = {
				LastSwiftUpdateCheck = 0920;
				LastUpgradeCheck = 0920;
				ORGANIZATIONNAME = "BOHO HOBO";
				TargetAttributes = {
					15507C142048DD070062789F = {
						CreatedOnToolsVersion = 9.2;
						ProvisioningStyle = Automatic;
					};
				};
			};
			buildConfigurationList = 15507C102048DD070062789F /* Build configuration list for PBXProject "HOBO HUSTLE" */;
			compatibilityVersion = "Xcode 8.0";
			developmentRegion = en;
			hasScannedForEncodings = 0;
			knownRegions = (
				en,
				Base,
			);
			mainGroup = 15507C0C2048DD070062789F;
			productRefGroup = 15507C162048DD070062789F /* Products */;
			projectDirPath = "";
			projectRoot = "";
			targets = (
				15507C142048DD070062789F /* HOBO HUSTLE */,
			);
		};
/* End PBXProject section */

/* Begin PBXResourcesBuildPhase section */
		15507C132048DD070062789F /* Resources */ = {
			isa = PBXResourcesBuildPhase;
			buildActionMask = 2147483647;
			files = (
				15507C232048DD070062789F /* LaunchScreen.storyboard in Resources */,
				15507C202048DD070062789F /* Assets.xcassets in Resources */,
				15507C1E2048DD070062789F /* Main.storyboard in Resources */,
			);
			runOnlyForDeploymentPostprocessing = 0;
		};
/* End PBXResourcesBuildPhase section */

/* Begin PBXSourcesBuildPhase section */
		15507C112048DD070062789F /* Sources */ = {
			isa = PBXSourcesBuildPhase;
			buildActionMask = 2147483647;
			files = (
				15507C1B2048DD070062789F /* TodoListViewController.swift in Sources */,
				15507C2B20501C310062789F /* Item.swift in Sources */,
				15507C192048DD070062789F /* AppDelegate.swift in Sources */,
			);
			runOnlyForDeploymentPostprocessing = 0;
		};
/* End PBXSourcesBuildPhase section */

/* Begin PBXVariantGroup section */
		15507C1C2048DD070062789F /* Main.storyboard */ = {
			isa = PBXVariantGroup;
			children = (
				15507C1D2048DD070062789F /* Base */,
			);
			name = Main.storyboard;
			sourceTree = "<group>";
		};
		15507C212048DD070062789F /* LaunchScreen.storyboard */ = {
			isa = PBXVariantGroup;
			children = (
				15507C222048DD070062789F /* Base */,
			);
			name = LaunchScreen.storyboard;
			sourceTree = "<group>";
		};
/* End PBXVariantGroup section */

/* Begin XCBuildConfiguration section */
		15507C252048DD070062789F /* Debug */ = {
			isa = XCBuildConfiguration;
			buildSettings = {
				ALWAYS_SEARCH_USER_PATHS = NO;
				CLANG_ANALYZER_NONNULL = YES;
				CLANG_ANALYZER_NUMBER_OBJECT_CONVERSION = YES_AGGRESSIVE;
				CLANG_CXX_LANGUAGE_STANDARD = "gnu++14";
				CLANG_CXX_LIBRARY = "libc++";
				CLANG_ENABLE_MODULES = YES;
				CLANG_ENABLE_OBJC_ARC = YES;
				CLANG_WARN_BLOCK_CAPTURE_AUTORELEASING = YES;
				CLANG_WARN_BOOL_CONVERSION = YES;
				CLANG_WARN_COMMA = YES;
				CLANG_WARN_CONSTANT_CONVERSION = YES;
				CLANG_WARN_DIRECT_OBJC_ISA_USAGE = YES_ERROR;
				CLANG_WARN_DOCUMENTATION_COMMENTS = YES;
				CLANG_WARN_EMPTY_BODY = YES;
				CLANG_WARN_ENUM_CONVERSION = YES;
				CLANG_WARN_INFINITE_RECURSION = YES;
				CLANG_WARN_INT_CONVERSION = YES;
				CLANG_WARN_NON_LITERAL_NULL_CONVERSION = YES;
				CLANG_WARN_OBJC_LITERAL_CONVERSION = YES;
				CLANG_WARN_OBJC_ROOT_CLASS = YES_ERROR;
				CLANG_WARN_RANGE_LOOP_ANALYSIS = YES;
				CLANG_WARN_STRICT_PROTOTYPES = YES;
				CLANG_WARN_SUSPICIOUS_MOVE = YES;
				CLANG_WARN_UNGUARDED_AVAILABILITY = YES_AGGRESSIVE;
				CLANG_WARN_UNREACHABLE_CODE = YES;
				CLANG_WARN__DUPLICATE_METHOD_MATCH = YES;
				CODE_SIGN_IDENTITY = "iPhone Developer";
				COPY_PHASE_STRIP = NO;
				DEBUG_INFORMATION_FORMAT = dwarf;
				ENABLE_STRICT_OBJC_MSGSEND = YES;
				ENABLE_TESTABILITY = YES;
				GCC_C_LANGUAGE_STANDARD = gnu11;
				GCC_DYNAMIC_NO_PIC = NO;
				GCC_NO_COMMON_BLOCKS = YES;
				GCC_OPTIMIZATION_LEVEL = 0;
				GCC_PREPROCESSOR_DEFINITIONS = (
					"DEBUG=1",
					"$(inherited)",
				);
				GCC_WARN_64_TO_32_BIT_CONVERSION = YES;
				GCC_WARN_ABOUT_RETURN_TYPE = YES_ERROR;
				GCC_WARN_UNDECLARED_SELECTOR = YES;
				GCC_WARN_UNINITIALIZED_AUTOS = YES_AGGRESSIVE;
				GCC_WARN_UNUSED_FUNCTION = YES;
				GCC_WARN_UNUSED_VARIABLE = YES;
				IPHONEOS_DEPLOYMENT_TARGET = 11.2;
				MTL_ENABLE_DEBUG_INFO = YES;
				ONLY_ACTIVE_ARCH = YES;
				SDKROOT = iphoneos;
				SWIFT_ACTIVE_COMPILATION_CONDITIONS = DEBUG;
				SWIFT_OPTIMIZATION_LEVEL = "-Onone";
			};
			name = Debug;
		};
		15507C262048DD070062789F /* Release */ = {
			isa = XCBuildConfiguration;
			buildSettings = {
				ALWAYS_SEARCH_USER_PATHS = NO;
				CLANG_ANALYZER_NONNULL = YES;
				CLANG_ANALYZER_NUMBER_OBJECT_CONVERSION = YES_AGGRESSIVE;
				CLANG_CXX_LANGUAGE_STANDARD = "gnu++14";
				CLANG_CXX_LIBRARY = "libc++";
				CLANG_ENABLE_MODULES = YES;
				CLANG_ENABLE_OBJC_ARC = YES;
				CLANG_WARN_BLOCK_CAPTURE_AUTORELEASING = YES;
				CLANG_WARN_BOOL_CONVERSION = YES;
				CLANG_WARN_COMMA = YES;
				CLANG_WARN_CONSTANT_CONVERSION = YES;
				CLANG_WARN_DIRECT_OBJC_ISA_USAGE = YES_ERROR;
				CLANG_WARN_DOCUMENTATION_COMMENTS = YES;
				CLANG_WARN_EMPTY_BODY = YES;
				CLANG_WARN_ENUM_CONVERSION = YES;
				CLANG_WARN_INFINITE_RECURSION = YES;
				CLANG_WARN_INT_CONVERSION = YES;
				CLANG_WARN_NON_LITERAL_NULL_CONVERSION = YES;
				CLANG_WARN_OBJC_LITERAL_CONVERSION = YES;
				CLANG_WARN_OBJC_ROOT_CLASS = YES_ERROR;
				CLANG_WARN_RANGE_LOOP_ANALYSIS = YES;
				CLANG_WARN_STRICT_PROTOTYPES = YES;
				CLANG_WARN_SUSPICIOUS_MOVE = YES;
				CLANG_WARN_UNGUARDED_AVAILABILITY = YES_AGGRESSIVE;
				CLANG_WARN_UNREACHABLE_CODE = YES;
				CLANG_WARN__DUPLICATE_METHOD_MATCH = YES;
				CODE_SIGN_IDENTITY = "iPhone Developer";
				COPY_PHASE_STRIP = NO;
				DEBUG_INFORMATION_FORMAT = "dwarf-with-dsym";
				ENABLE_NS_ASSERTIONS = NO;
				ENABLE_STRICT_OBJC_MSGSEND = YES;
				GCC_C_LANGUAGE_STANDARD = gnu11;
				GCC_NO_COMMON_BLOCKS = YES;
				GCC_WARN_64_TO_32_BIT_CONVERSION = YES;
				GCC_WARN_ABOUT_RETURN_TYPE = YES_ERROR;
				GCC_WARN_UNDECLARED_SELECTOR = YES;
				GCC_WARN_UNINITIALIZED_AUTOS = YES_AGGRESSIVE;
				GCC_WARN_UNUSED_FUNCTION = YES;
				GCC_WARN_UNUSED_VARIABLE = YES;
				IPHONEOS_DEPLOYMENT_TARGET = 11.2;
				MTL_ENABLE_DEBUG_INFO = NO;
				SDKROOT = iphoneos;
				SWIFT_OPTIMIZATION_LEVEL = "-Owholemodule";
				VALIDATE_PRODUCT = YES;
			};
			name = Release;
		};
		15507C282048DD070062789F /* Debug */ = {
			isa = XCBuildConfiguration;
			buildSettings = {
				ASSETCATALOG_COMPILER_APPICON_NAME = AppIcon;
				CODE_SIGN_STYLE = Automatic;
				DEVELOPMENT_TEAM = 6PYHWPN723;
				INFOPLIST_FILE = "HOBO HUSTLE/Info.plist";
				LD_RUNPATH_SEARCH_PATHS = "$(inherited) @executable_path/Frameworks";
				PRODUCT_BUNDLE_IDENTIFIER = "com.BohoHoboLifestyle.HOBO-HUSTLE";
				PRODUCT_NAME = "$(TARGET_NAME)";
				SWIFT_VERSION = 4.0;
				TARGETED_DEVICE_FAMILY = "1,2";
			};
			name = Debug;
		};
		15507C292048DD070062789F /* Release */ = {
			isa = XCBuildConfiguration;
			buildSettings = {
				ASSETCATALOG_COMPILER_APPICON_NAME = AppIcon;
				CODE_SIGN_STYLE = Automatic;
				DEVELOPMENT_TEAM = 6PYHWPN723;
				INFOPLIST_FILE = "HOBO HUSTLE/Info.plist";
				LD_RUNPATH_SEARCH_PATHS = "$(inherited) @executable_path/Frameworks";
				PRODUCT_BUNDLE_IDENTIFIER = "com.BohoHoboLifestyle.HOBO-HUSTLE";
				PRODUCT_NAME = "$(TARGET_NAME)";
				SWIFT_VERSION = 4.0;
				TARGETED_DEVICE_FAMILY = "1,2";
			};
			name = Release;
		};
/* End XCBuildConfiguration section */

/* Begin XCConfigurationList section */
		15507C102048DD070062789F /* Build configuration list for PBXProject "HOBO HUSTLE" */ = {
			isa = XCConfigurationList;
			buildConfigurations = (
				15507C252048DD070062789F /* Debug */,
				15507C262048DD070062789F /* Release */,
			);
			defaultConfigurationIsVisible = 0;
			defaultConfigurationName = Release;
		};
		15507C272048DD070062789F /* Build configuration list for PBXNativeTarget "HOBO HUSTLE" */ = {
			isa = XCConfigurationList;
			buildConfigurations = (
				15507C282048DD070062789F /* Debug */,
				15507C292048DD070062789F /* Release */,
			);
			defaultConfigurationIsVisible = 0;
			defaultConfigurationName = Release;
		};
/* End XCConfigurationList section */
	};
	rootObject = 15507C0D2048DD070062789F /* Project object */;
}
